
Microsoft Visual Studio Solution File, Format Version 12.00
# Visual Studio 2012
Project("{FAE04EC0-301F-11D3-BF4B-00C04F79EFBC}") = "AccelerometerApp.Android", "AccelerometerApp.Android\AccelerometerApp.Android.csproj", "{D95A4B2E-3561-438F-9F37-69F39D19EE77}"
EndProject
Project("{FAE04EC0-301F-11D3-BF4B-00C04F79EFBC}") = "AccelerometerApp.iOS", "AccelerometerApp.iOS\AccelerometerApp.iOS.csproj", "{26A6AA38-A9C9-4D5F-9D02-62CC76775FCB}"
EndProject
Project("{FAE04EC0-301F-11D3-BF4B-00C04F79EFBC}") = "AccelerometerApp", "AccelerometerApp\AccelerometerApp.csproj", "{AD1BE108-5D97-457E-8615-A122C848B26D}"
EndProject
Global
	GlobalSection(SolutionConfigurationPlatforms) = preSolution
		Debug|Any CPU = Debug|Any CPU
		Release|Any CPU = Release|Any CPU
		Debug|iPhoneSimulator = Debug|iPhoneSimulator
		Release|iPhoneSimulator = Release|iPhoneSimulator
		Debug|iPhone = Debug|iPhone
		Release|iPhone = Release|iPhone
		Ad-Hoc|iPhone = Ad-Hoc|iPhone
		AppStore|iPhone = AppStore|iPhone
	EndGlobalSection
	GlobalSection(ProjectConfigurationPlatforms) = postSolution
		{D95A4B2E-3561-438F-9F37-69F39D19EE77}.Debug|Any CPU.ActiveCfg = Debug|Any CPU
		{D95A4B2E-3561-438F-9F37-69F39D19EE77}.Debug|Any CPU.Build.0 = Debug|Any CPU
		{D95A4B2E-3561-438F-9F37-69F39D19EE77}.Release|Any CPU.ActiveCfg = Release|Any CPU
		{D95A4B2E-3561-438F-9F37-69F39D19EE77}.Release|Any CPU.Build.0 = Release|Any CPU
		{D95A4B2E-3561-438F-9F37-69F39D19EE77}.Debug|iPhoneSimulator.ActiveCfg = Debug|Any CPU
		{D95A4B2E-3561-438F-9F37-69F39D19EE77}.Debug|iPhoneSimulator.Build.0 = Debug|Any CPU
		{D95A4B2E-3561-438F-9F37-69F39D19EE77}.Release|iPhoneSimulator.ActiveCfg = Release|Any CPU
		{D95A4B2E-3561-438F-9F37-69F39D19EE77}.Release|iPhoneSimulator.Build.0 = Release|Any CPU
		{D95A4B2E-3561-438F-9F37-69F39D19EE77}.Debug|iPhone.ActiveCfg = Debug|Any CPU
		{D95A4B2E-3561-438F-9F37-69F39D19EE77}.Debug|iPhone.Build.0 = Debug|Any CPU
		{D95A4B2E-3561-438F-9F37-69F39D19EE77}.Release|iPhone.ActiveCfg = Release|Any CPU
		{D95A4B2E-3561-438F-9F37-69F39D19EE77}.Release|iPhone.Build.0 = Release|Any CPU
		{D95A4B2E-3561-438F-9F37-69F39D19EE77}.Ad-Hoc|iPhone.ActiveCfg = Debug|Any CPU
		{D95A4B2E-3561-438F-9F37-69F39D19EE77}.Ad-Hoc|iPhone.Build.0 = Debug|Any CPU
		{D95A4B2E-3561-438F-9F37-69F39D19EE77}.AppStore|iPhone.ActiveCfg = Debug|Any CPU
		{D95A4B2E-3561-438F-9F37-69F39D19EE77}.AppStore|iPhone.Build.0 = Debug|Any CPU
		{26A6AA38-A9C9-4D5F-9D02-62CC76775FCB}.Debug|Any CPU.ActiveCfg = Debug|iPhoneSimulator
		{26A6AA38-A9C9-4D5F-9D02-62CC76775FCB}.Debug|Any CPU.Build.0 = Debug|iPhoneSimulator
		{26A6AA38-A9C9-4D5F-9D02-62CC76775FCB}.Release|Any CPU.ActiveCfg = Release|iPhoneSimulator
		{26A6AA38-A9C9-4D5F-9D02-62CC76775FCB}.Release|Any CPU.Build.0 = Release|iPhoneSimulator
		{26A6AA38-A9C9-4D5F-9D02-62CC76775FCB}.Debug|iPhoneSimulator.ActiveCfg = Debug|iPhoneSimulator
		{26A6AA38-A9C9-4D5F-9D02-62CC76775FCB}.Debug|iPhoneSimulator.Build.0 = Debug|iPhoneSimulator
		{26A6AA38-A9C9-4D5F-9D02-62CC76775FCB}.Release|iPhoneSimulator.ActiveCfg = Release|iPhoneSimulator
		{26A6AA38-A9C9-4D5F-9D02-62CC76775FCB}.Release|iPhoneSimulator.Build.0 = Release|iPhoneSimulator
		{26A6AA38-A9C9-4D5F-9D02-62CC76775FCB}.Debug|iPhone.ActiveCfg = Debug|iPhone
		{26A6AA38-A9C9-4D5F-9D02-62CC76775FCB}.Debug|iPhone.Build.0 = Debug|iPhone
		{26A6AA38-A9C9-4D5F-9D02-62CC76775FCB}.Release|iPhone.ActiveCfg = Release|iPhone
		{26A6AA38-A9C9-4D5F-9D02-62CC76775FCB}.Release|iPhone.Build.0 = Release|iPhone
		{26A6AA38-A9C9-4D5F-9D02-62CC76775FCB}.Ad-Hoc|iPhone.ActiveCfg = Ad-Hoc|iPhone
		{26A6AA38-A9C9-4D5F-9D02-62CC76775FCB}.Ad-Hoc|iPhone.Build.0 = Ad-Hoc|iPhone
		{26A6AA38-A9C9-4D5F-9D02-62CC76775FCB}.AppStore|iPhone.ActiveCfg = AppStore|iPhone
		{26A6AA38-A9C9-4D5F-9D02-62CC76775FCB}.AppStore|iPhone.Build.0 = AppStore|iPhone
		{AD1BE108-5D97-457E-8615-A122C848B26D}.Debug|Any CPU.ActiveCfg = Debug|Any CPU
		{AD1BE108-5D97-457E-8615-A122C848B26D}.Debug|Any CPU.Build.0 = Debug|Any CPU
		{AD1BE108-5D97-457E-8615-A122C848B26D}.Release|Any CPU.ActiveCfg = Release|Any CPU
		{AD1BE108-5D97-457E-8615-A122C848B26D}.Release|Any CPU.Build.0 = Release|Any CPU
		{AD1BE108-5D97-457E-8615-A122C848B26D}.Debug|iPhoneSimulator.ActiveCfg = Debug|Any CPU
		{AD1BE108-5D97-457E-8615-A122C848B26D}.Debug|iPhoneSimulator.Build.0 = Debug|Any CPU
		{AD1BE108-5D97-457E-8615-A122C848B26D}.Release|iPhoneSimulator.ActiveCfg = Release|Any CPU
		{AD1BE108-5D97-457E-8615-A122C848B26D}.Release|iPhoneSimulator.Build.0 = Release|Any CPU
		{AD1BE108-5D97-457E-8615-A122C848B26D}.Debug|iPhone.ActiveCfg = Debug|Any CPU
		{AD1BE108-5D97-457E-8615-A122C848B26D}.Debug|iPhone.Build.0 = Debug|Any CPU
		{AD1BE108-5D97-457E-8615-A122C848B26D}.Release|iPhone.ActiveCfg = Release|Any CPU
		{AD1BE108-5D97-457E-8615-A122C848B26D}.Release|iPhone.Build.0 = Release|Any CPU
		{AD1BE108-5D97-457E-8615-A122C848B26D}.Ad-Hoc|iPhone.ActiveCfg = Debug|Any CPU
		{AD1BE108-5D97-457E-8615-A122C848B26D}.Ad-Hoc|iPhone.Build.0 = Debug|Any CPU
		{AD1BE108-5D97-457E-8615-A122C848B26D}.AppStore|iPhone.ActiveCfg = Debug|Any CPU
		{AD1BE108-5D97-457E-8615-A122C848B26D}.AppStore|iPhone.Build.0 = Debug|Any CPU
	EndGlobalSection
EndGlobal
